// !$*UTF8*$!
{
	archiveVersion = 1;
	classes = {
	};
	objectVersion = 50;
	objects = {

/* Begin PBXBuildFile section */
		32384A5F2541294800A5DF61 /* TreeVC.swift in Sources */ = {isa = PBXBuildFile; fileRef = 32384A5E2541294800A5DF61 /* TreeVC.swift */; };
		32384A66254139D900A5DF61 /* FamilyMember.swift in Sources */ = {isa = PBXBuildFile; fileRef = 32384A65254139D900A5DF61 /* FamilyMember.swift */; };
		3257787E252D5A2600EC1F74 /* AppDelegate.swift in Sources */ = {isa = PBXBuildFile; fileRef = 3257787D252D5A2600EC1F74 /* AppDelegate.swift */; };
		32577880252D5A2600EC1F74 /* SceneDelegate.swift in Sources */ = {isa = PBXBuildFile; fileRef = 3257787F252D5A2600EC1F74 /* SceneDelegate.swift */; };
		32577882252D5A2600EC1F74 /* ViewController.swift in Sources */ = {isa = PBXBuildFile; fileRef = 32577881252D5A2600EC1F74 /* ViewController.swift */; };
		32577885252D5A2600EC1F74 /* Main.storyboard in Resources */ = {isa = PBXBuildFile; fileRef = 32577883252D5A2600EC1F74 /* Main.storyboard */; };
		32577887252D5A2700EC1F74 /* Assets.xcassets in Resources */ = {isa = PBXBuildFile; fileRef = 32577886252D5A2700EC1F74 /* Assets.xcassets */; };
		3257788A252D5A2700EC1F74 /* LaunchScreen.storyboard in Resources */ = {isa = PBXBuildFile; fileRef = 32577888252D5A2700EC1F74 /* LaunchScreen.storyboard */; };
		325778B2252D801100EC1F74 /* MemberCard.swift in Sources */ = {isa = PBXBuildFile; fileRef = 325778B0252D801100EC1F74 /* MemberCard.swift */; };
		325778B3252D801100EC1F74 /* MemberCard.xib in Resources */ = {isa = PBXBuildFile; fileRef = 325778B1252D801100EC1F74 /* MemberCard.xib */; };
		325778B6252D803900EC1F74 /* Member.swift in Sources */ = {isa = PBXBuildFile; fileRef = 325778B5252D803900EC1F74 /* Member.swift */; };
		325778B9252D80DC00EC1F74 /* Tree.swift in Sources */ = {isa = PBXBuildFile; fileRef = 325778B8252D80DC00EC1F74 /* Tree.swift */; };
		325778BD252D824700EC1F74 /* ViewModel.swift in Sources */ = {isa = PBXBuildFile; fileRef = 325778BC252D824700EC1F74 /* ViewModel.swift */; };
/* End PBXBuildFile section */

/* Begin PBXFileReference section */
		32384A5E2541294800A5DF61 /* TreeVC.swift */ = {isa = PBXFileReference; lastKnownFileType = sourcecode.swift; path = TreeVC.swift; sourceTree = "<group>"; };
		32384A65254139D900A5DF61 /* FamilyMember.swift */ = {isa = PBXFileReference; lastKnownFileType = sourcecode.swift; path = FamilyMember.swift; sourceTree = "<group>"; };
		3257787A252D5A2600EC1F74 /* family tree rnd.app */ = {isa = PBXFileReference; explicitFileType = wrapper.application; includeInIndex = 0; path = "family tree rnd.app"; sourceTree = BUILT_PRODUCTS_DIR; };
		3257787D252D5A2600EC1F74 /* AppDelegate.swift */ = {isa = PBXFileReference; lastKnownFileType = sourcecode.swift; path = AppDelegate.swift; sourceTree = "<group>"; };
		3257787F252D5A2600EC1F74 /* SceneDelegate.swift */ = {isa = PBXFileReference; lastKnownFileType = sourcecode.swift; path = SceneDelegate.swift; sourceTree = "<group>"; };
		32577881252D5A2600EC1F74 /* ViewController.swift */ = {isa = PBXFileReference; lastKnownFileType = sourcecode.swift; path = ViewController.swift; sourceTree = "<group>"; };
		32577884252D5A2600EC1F74 /* Base */ = {isa = PBXFileReference; lastKnownFileType = file.storyboard; name = Base; path = Base.lproj/Main.storyboard; sourceTree = "<group>"; };
		32577886252D5A2700EC1F74 /* Assets.xcassets */ = {isa = PBXFileReference; lastKnownFileType = folder.assetcatalog; path = Assets.xcassets; sourceTree = "<group>"; };
		32577889252D5A2700EC1F74 /* Base */ = {isa = PBXFileReference; lastKnownFileType = file.storyboard; name = Base; path = Base.lproj/LaunchScreen.storyboard; sourceTree = "<group>"; };
		3257788B252D5A2700EC1F74 /* Info.plist */ = {isa = PBXFileReference; lastKnownFileType = text.plist.xml; path = Info.plist; sourceTree = "<group>"; };
		325778B0252D801100EC1F74 /* MemberCard.swift */ = {isa = PBXFileReference; fileEncoding = 4; lastKnownFileType = sourcecode.swift; path = MemberCard.swift; sourceTree = "<group>"; };
		325778B1252D801100EC1F74 /* MemberCard.xib */ = {isa = PBXFileReference; fileEncoding = 4; lastKnownFileType = file.xib; path = MemberCard.xib; sourceTree = "<group>"; };
		325778B5252D803900EC1F74 /* Member.swift */ = {isa = PBXFileReference; fileEncoding = 4; lastKnownFileType = sourcecode.swift; path = Member.swift; sourceTree = "<group>"; };
		325778B8252D80DC00EC1F74 /* Tree.swift */ = {isa = PBXFileReference; lastKnownFileType = sourcecode.swift; path = Tree.swift; sourceTree = "<group>"; };
		325778BC252D824700EC1F74 /* ViewModel.swift */ = {isa = PBXFileReference; lastKnownFileType = sourcecode.swift; path = ViewModel.swift; sourceTree = "<group>"; };
/* End PBXFileReference section */

/* Begin PBXFrameworksBuildPhase section */
		32577877252D5A2600EC1F74 /* Frameworks */ = {
			isa = PBXFrameworksBuildPhase;
			buildActionMask = 2147483647;
			files = (
			);
			runOnlyForDeploymentPostprocessing = 0;
		};
/* End PBXFrameworksBuildPhase section */

/* Begin PBXGroup section */
		32384A612541397A00A5DF61 /* tree 1 */ = {
			isa = PBXGroup;
			children = (
				325778B0252D801100EC1F74 /* MemberCard.swift */,
				325778B1252D801100EC1F74 /* MemberCard.xib */,
				325778B5252D803900EC1F74 /* Member.swift */,
				325778B8252D80DC00EC1F74 /* Tree.swift */,
				32577881252D5A2600EC1F74 /* ViewController.swift */,
				325778BC252D824700EC1F74 /* ViewModel.swift */,
			);
			path = "tree 1";
			sourceTree = "<group>";
		};
		32384A62254139A000A5DF61 /* app */ = {
			isa = PBXGroup;
			children = (
				3257787D252D5A2600EC1F74 /* AppDelegate.swift */,
				3257787F252D5A2600EC1F74 /* SceneDelegate.swift */,
				32577886252D5A2700EC1F74 /* Assets.xcassets */,
			);
			path = app;
			sourceTree = "<group>";
		};
		32384A64254139BA00A5DF61 /* tree 2 */ = {
			isa = PBXGroup;
			children = (
				32384A5E2541294800A5DF61 /* TreeVC.swift */,
				32384A65254139D900A5DF61 /* FamilyMember.swift */,
			);
			path = "tree 2";
			sourceTree = "<group>";
		};
		32577871252D5A2600EC1F74 = {
			isa = PBXGroup;
			children = (
				3257787C252D5A2600EC1F74 /* family tree rnd */,
				3257787B252D5A2600EC1F74 /* Products */,
			);
			sourceTree = "<group>";
		};
		3257787B252D5A2600EC1F74 /* Products */ = {
			isa = PBXGroup;
			children = (
				3257787A252D5A2600EC1F74 /* family tree rnd.app */,
			);
			name = Products;
			sourceTree = "<group>";
		};
		3257787C252D5A2600EC1F74 /* family tree rnd */ = {
			isa = PBXGroup;
			children = (
				32384A64254139BA00A5DF61 /* tree 2 */,
				32384A62254139A000A5DF61 /* app */,
				32384A612541397A00A5DF61 /* tree 1 */,
				32577883252D5A2600EC1F74 /* Main.storyboard */,
				32577888252D5A2700EC1F74 /* LaunchScreen.storyboard */,
				3257788B252D5A2700EC1F74 /* Info.plist */,
			);
			path = "family tree rnd";
			sourceTree = "<group>";
		};
/* End PBXGroup section */

/* Begin PBXNativeTarget section */
		32577879252D5A2600EC1F74 /* family tree rnd */ = {
			isa = PBXNativeTarget;
			buildConfigurationList = 3257788E252D5A2700EC1F74 /* Build configuration list for PBXNativeTarget "family tree rnd" */;
			buildPhases = (
				32577876252D5A2600EC1F74 /* Sources */,
				32577877252D5A2600EC1F74 /* Frameworks */,
				32577878252D5A2600EC1F74 /* Resources */,
			);
			buildRules = (
			);
			dependencies = (
			);
			name = "family tree rnd";
			productName = "family tree rnd";
			productReference = 3257787A252D5A2600EC1F74 /* family tree rnd.app */;
			productType = "com.apple.product-type.application";
		};
/* End PBXNativeTarget section */

/* Begin PBXProject section */
		32577872252D5A2600EC1F74 /* Project object */ = {
			isa = PBXProject;
			attributes = {
				LastSwiftUpdateCheck = 1200;
				LastUpgradeCheck = 1200;
				TargetAttributes = {
					32577879252D5A2600EC1F74 = {
						CreatedOnToolsVersion = 12.0.1;
					};
				};
			};
			buildConfigurationList = 32577875252D5A2600EC1F74 /* Build configuration list for PBXProject "family tree rnd" */;
			compatibilityVersion = "Xcode 9.3";
			developmentRegion = en;
			hasScannedForEncodings = 0;
			knownRegions = (
				en,
				Base,
			);
			mainGroup = 32577871252D5A2600EC1F74;
			productRefGroup = 3257787B252D5A2600EC1F74 /* Products */;
			projectDirPath = "";
			projectRoot = "";
			targets = (
				32577879252D5A2600EC1F74 /* family tree rnd */,
			);
		};
/* End PBXProject section */

/* Begin PBXResourcesBuildPhase section */
		32577878252D5A2600EC1F74 /* Resources */ = {
			isa = PBXResourcesBuildPhase;
			buildActionMask = 2147483647;
			files = (
				3257788A252D5A2700EC1F74 /* LaunchScreen.storyboard in Resources */,
				325778B3252D801100EC1F74 /* MemberCard.xib in Resources */,
				32577887252D5A2700EC1F74 /* Assets.xcassets in Resources */,
				32577885252D5A2600EC1F74 /* Main.storyboard in Resources */,
			);
			runOnlyForDeploymentPostprocessing = 0;
		};
/* End PBXResourcesBuildPhase section */

/* Begin PBXSourcesBuildPhase section */
		32577876252D5A2600EC1F74 /* Sources */ = {
			isa = PBXSourcesBuildPhase;
			buildActionMask = 2147483647;
			files = (
				32384A5F2541294800A5DF61 /* TreeVC.swift in Sources */,
				32384A66254139D900A5DF61 /* FamilyMember.swift in Sources */,
				32577882252D5A2600EC1F74 /* ViewController.swift in Sources */,
				325778B2252D801100EC1F74 /* MemberCard.swift in Sources */,
				3257787E252D5A2600EC1F74 /* AppDelegate.swift in Sources */,
				325778B9252D80DC00EC1F74 /* Tree.swift in Sources */,
				32577880252D5A2600EC1F74 /* SceneDelegate.swift in Sources */,
				325778B6252D803900EC1F74 /* Member.swift in Sources */,
				325778BD252D824700EC1F74 /* ViewModel.swift in Sources */,
			);
			runOnlyForDeploymentPostprocessing = 0;
		};
/* End PBXSourcesBuildPhase section */

/* Begin PBXVariantGroup section */
		32577883252D5A2600EC1F74 /* Main.storyboard */ = {
			isa = PBXVariantGroup;
			children = (
				32577884252D5A2600EC1F74 /* Base */,
			);
			name = Main.storyboard;
			sourceTree = "<group>";
		};
		32577888252D5A2700EC1F74 /* LaunchScreen.storyboard */ = {
			isa = PBXVariantGroup;
			children = (
				32577889252D5A2700EC1F74 /* Base */,
			);
			name = LaunchScreen.storyboard;
			sourceTree = "<group>";
		};
/* End PBXVariantGroup section */

/* Begin XCBuildConfiguration section */
		3257788C252D5A2700EC1F74 /* Debug */ = {
			isa = XCBuildConfiguration;
			buildSettings = {
				ALWAYS_SEARCH_USER_PATHS = NO;
				CLANG_ANALYZER_NONNULL = YES;
				CLANG_ANALYZER_NUMBER_OBJECT_CONVERSION = YES_AGGRESSIVE;
				CLANG_CXX_LANGUAGE_STANDARD = "gnu++14";
				CLANG_CXX_LIBRARY = "libc++";
				CLANG_ENABLE_MODULES = YES;
				CLANG_ENABLE_OBJC_ARC = YES;
				CLANG_ENABLE_OBJC_WEAK = YES;
				CLANG_WARN_BLOCK_CAPTURE_AUTORELEASING = YES;
				CLANG_WARN_BOOL_CONVERSION = YES;
				CLANG_WARN_COMMA = YES;
				CLANG_WARN_CONSTANT_CONVERSION = YES;
				CLANG_WARN_DEPRECATED_OBJC_IMPLEMENTATIONS = YES;
				CLANG_WARN_DIRECT_OBJC_ISA_USAGE = YES_ERROR;
				CLANG_WARN_DOCUMENTATION_COMMENTS = YES;
				CLANG_WARN_EMPTY_BODY = YES;
				CLANG_WARN_ENUM_CONVERSION = YES;
				CLANG_WARN_INFINITE_RECURSION = YES;
				CLANG_WARN_INT_CONVERSION = YES;
				CLANG_WARN_NON_LITERAL_NULL_CONVERSION = YES;
				CLANG_WARN_OBJC_IMPLICIT_RETAIN_SELF = YES;
				CLANG_WARN_OBJC_LITERAL_CONVERSION = YES;
				CLANG_WARN_OBJC_ROOT_CLASS = YES_ERROR;
				CLANG_WARN_QUOTED_INCLUDE_IN_FRAMEWORK_HEADER = YES;
				CLANG_WARN_RANGE_LOOP_ANALYSIS = YES;
				CLANG_WARN_STRICT_PROTOTYPES = YES;
				CLANG_WARN_SUSPICIOUS_MOVE = YES;
				CLANG_WARN_UNGUARDED_AVAILABILITY = YES_AGGRESSIVE;
				CLANG_WARN_UNREACHABLE_CODE = YES;
				CLANG_WARN__DUPLICATE_METHOD_MATCH = YES;
				COPY_PHASE_STRIP = NO;
				DEBUG_INFORMATION_FORMAT = dwarf;
				ENABLE_STRICT_OBJC_MSGSEND = YES;
				ENABLE_TESTABILITY = YES;
				GCC_C_LANGUAGE_STANDARD = gnu11;
				GCC_DYNAMIC_NO_PIC = NO;
				GCC_NO_COMMON_BLOCKS = YES;
				GCC_OPTIMIZATION_LEVEL = 0;
				GCC_PREPROCESSOR_DEFINITIONS = (
					"DEBUG=1",
					"$(inherited)",
				);
				GCC_WARN_64_TO_32_BIT_CONVERSION = YES;
				GCC_WARN_ABOUT_RETURN_TYPE = YES_ERROR;
				GCC_WARN_UNDECLARED_SELECTOR = YES;
				GCC_WARN_UNINITIALIZED_AUTOS = YES_AGGRESSIVE;
				GCC_WARN_UNUSED_FUNCTION = YES;
				GCC_WARN_UNUSED_VARIABLE = YES;
				IPHONEOS_DEPLOYMENT_TARGET = 14.0;
				MTL_ENABLE_DEBUG_INFO = INCLUDE_SOURCE;
				MTL_FAST_MATH = YES;
				ONLY_ACTIVE_ARCH = YES;
				SDKROOT = iphoneos;
				SWIFT_ACTIVE_COMPILATION_CONDITIONS = DEBUG;
				SWIFT_OPTIMIZATION_LEVEL = "-Onone";
			};
			name = Debug;
		};
		3257788D252D5A2700EC1F74 /* Release */ = {
			isa = XCBuildConfiguration;
			buildSettings = {
				ALWAYS_SEARCH_USER_PATHS = NO;
				CLANG_ANALYZER_NONNULL = YES;
				CLANG_ANALYZER_NUMBER_OBJECT_CONVERSION = YES_AGGRESSIVE;
				CLANG_CXX_LANGUAGE_STANDARD = "gnu++14";
				CLANG_CXX_LIBRARY = "libc++";
				CLANG_ENABLE_MODULES = YES;
				CLANG_ENABLE_OBJC_ARC = YES;
				CLANG_ENABLE_OBJC_WEAK = YES;
				CLANG_WARN_BLOCK_CAPTURE_AUTORELEASING = YES;
				CLANG_WARN_BOOL_CONVERSION = YES;
				CLANG_WARN_COMMA = YES;
				CLANG_WARN_CONSTANT_CONVERSION = YES;
				CLANG_WARN_DEPRECATED_OBJC_IMPLEMENTATIONS = YES;
				CLANG_WARN_DIRECT_OBJC_ISA_USAGE = YES_ERROR;
				CLANG_WARN_DOCUMENTATION_COMMENTS = YES;
				CLANG_WARN_EMPTY_BODY = YES;
				CLANG_WARN_ENUM_CONVERSION = YES;
				CLANG_WARN_INFINITE_RECURSION = YES;
				CLANG_WARN_INT_CONVERSION = YES;
				CLANG_WARN_NON_LITERAL_NULL_CONVERSION = YES;
				CLANG_WARN_OBJC_IMPLICIT_RETAIN_SELF = YES;
				CLANG_WARN_OBJC_LITERAL_CONVERSION = YES;
				CLANG_WARN_OBJC_ROOT_CLASS = YES_ERROR;
				CLANG_WARN_QUOTED_INCLUDE_IN_FRAMEWORK_HEADER = YES;
				CLANG_WARN_RANGE_LOOP_ANALYSIS = YES;
				CLANG_WARN_STRICT_PROTOTYPES = YES;
				CLANG_WARN_SUSPICIOUS_MOVE = YES;
				CLANG_WARN_UNGUARDED_AVAILABILITY = YES_AGGRESSIVE;
				CLANG_WARN_UNREACHABLE_CODE = YES;
				CLANG_WARN__DUPLICATE_METHOD_MATCH = YES;
				COPY_PHASE_STRIP = NO;
				DEBUG_INFORMATION_FORMAT = "dwarf-with-dsym";
				ENABLE_NS_ASSERTIONS = NO;
				ENABLE_STRICT_OBJC_MSGSEND = YES;
				GCC_C_LANGUAGE_STANDARD = gnu11;
				GCC_NO_COMMON_BLOCKS = YES;
				GCC_WARN_64_TO_32_BIT_CONVERSION = YES;
				GCC_WARN_ABOUT_RETURN_TYPE = YES_ERROR;
				GCC_WARN_UNDECLARED_SELECTOR = YES;
				GCC_WARN_UNINITIALIZED_AUTOS = YES_AGGRESSIVE;
				GCC_WARN_UNUSED_FUNCTION = YES;
				GCC_WARN_UNUSED_VARIABLE = YES;
				IPHONEOS_DEPLOYMENT_TARGET = 14.0;
				MTL_ENABLE_DEBUG_INFO = NO;
				MTL_FAST_MATH = YES;
				SDKROOT = iphoneos;
				SWIFT_COMPILATION_MODE = wholemodule;
				SWIFT_OPTIMIZATION_LEVEL = "-O";
				VALIDATE_PRODUCT = YES;
			};
			name = Release;
		};
		3257788F252D5A2700EC1F74 /* Debug */ = {
			isa = XCBuildConfiguration;
			buildSettings = {
				ASSETCATALOG_COMPILER_APPICON_NAME = AppIcon;
				ASSETCATALOG_COMPILER_GLOBAL_ACCENT_COLOR_NAME = AccentColor;
				CODE_SIGN_STYLE = Automatic;
				DEVELOPMENT_TEAM = YQVQ6JM6BC;
				INFOPLIST_FILE = "family tree rnd/Info.plist";
				IPHONEOS_DEPLOYMENT_TARGET = 13.0;
				LD_RUNPATH_SEARCH_PATHS = (
					"$(inherited)",
					"@executable_path/Frameworks",
				);
				PRODUCT_BUNDLE_IDENTIFIER = "pramodya.family-tree-rnd";
				PRODUCT_NAME = "$(TARGET_NAME)";
				SWIFT_VERSION = 5.0;
				TARGETED_DEVICE_FAMILY = 1;
			};
			name = Debug;
		};
		32577890252D5A2700EC1F74 /* Release */ = {
			isa = XCBuildConfiguration;
			buildSettings = {
				ASSETCATALOG_COMPILER_APPICON_NAME = AppIcon;
				ASSETCATALOG_COMPILER_GLOBAL_ACCENT_COLOR_NAME = AccentColor;
				CODE_SIGN_STYLE = Automatic;
				DEVELOPMENT_TEAM = YQVQ6JM6BC;
				INFOPLIST_FILE = "family tree rnd/Info.plist";
				IPHONEOS_DEPLOYMENT_TARGET = 13.0;
				LD_RUNPATH_SEARCH_PATHS = (
					"$(inherited)",
					"@executable_path/Frameworks",
				);
				PRODUCT_BUNDLE_IDENTIFIER = "pramodya.family-tree-rnd";
				PRODUCT_NAME = "$(TARGET_NAME)";
				SWIFT_VERSION = 5.0;
				TARGETED_DEVICE_FAMILY = 1;
			};
			name = Release;
		};
/* End XCBuildConfiguration section */

/* Begin XCConfigurationList section */
		32577875252D5A2600EC1F74 /* Build configuration list for PBXProject "family tree rnd" */ = {
			isa = XCConfigurationList;
			buildConfigurations = (
				3257788C252D5A2700EC1F74 /* Debug */,
				3257788D252D5A2700EC1F74 /* Release */,
			);
			defaultConfigurationIsVisible = 0;
			defaultConfigurationName = Release;
		};
		3257788E252D5A2700EC1F74 /* Build configuration list for PBXNativeTarget "family tree rnd" */ = {
			isa = XCConfigurationList;
			buildConfigurations = (
				3257788F252D5A2700EC1F74 /* Debug */,
				32577890252D5A2700EC1F74 /* Release */,
			);
			defaultConfigurationIsVisible = 0;
			defaultConfigurationName = Release;
		};
/* End XCConfigurationList section */
	};
	rootObject = 32577872252D5A2600EC1F74 /* Project object */;
}
